
Microsoft Visual Studio Solution File, Format Version 12.00
# Visual Studio Version 17
VisualStudioVersion = 17.1.32421.90
MinimumVisualStudioVersion = 10.0.40219.1
Project("{FAE04EC0-301F-11D3-BF4B-00C04F79EFBC}") = "TotalPpCalc", "TotalPpCalc.csproj", "{78DA7F20-F492-45F9-A02D-3FBB2658B60D}"
EndProject
Global
	GlobalSection(SolutionConfigurationPlatforms) = preSolution
		Debug|Any CPU = Debug|Any CPU
		Release|Any CPU = Release|Any CPU
	EndGlobalSection
	GlobalSection(ProjectConfigurationPlatforms) = postSolution
		{78DA7F20-F492-45F9-A02D-3FBB2658B60D}.Debug|Any CPU.ActiveCfg = Debug|Any CPU
		{78DA7F20-F492-45F9-A02D-3FBB2658B60D}.Debug|Any CPU.Build.0 = Debug|Any CPU
		{78DA7F20-F492-45F9-A02D-3FBB2658B60D}.Release|Any CPU.ActiveCfg = Release|Any CPU
		{78DA7F20-F492-45F9-A02D-3FBB2658B60D}.Release|Any CPU.Build.0 = Release|Any CPU
	EndGlobalSection
	GlobalSection(SolutionProperties) = preSolution
		HideSolutionNode = FALSE
	EndGlobalSection
	GlobalSection(ExtensibilityGlobals) = postSolution
		SolutionGuid = {24F31571-2E9B-48C4-B50B-603676FDDB93}
	EndGlobalSection
EndGlobal
